
Microsoft Visual Studio Solution File, Format Version 12.00
# Visual Studio Version 17
VisualStudioVersion = 17.0.31903.59
MinimumVisualStudioVersion = 10.0.40219.1
Project("{2150E333-8FDC-42A3-9474-1A3956D46DE8}") = "src", "src", "{827E0CD3-B72D-47B6-A68D-7590B98EB39B}"
EndProject
Project("{FAE04EC0-301F-11D3-BF4B-00C04F79EFBC}") = "AskThat.Domain", "src\AskThat.Domain\AskThat.Domain.csproj", "{30CF1540-E467-41A8-88B4-A012156F0DA2}"
EndProject
Project("{FAE04EC0-301F-11D3-BF4B-00C04F79EFBC}") = "AskThat.Application", "src\AskThat.Application\AskThat.Application.csproj", "{067A0DFE-9FC4-43FB-9D86-795588EDE06D}"
EndProject
Project("{FAE04EC0-301F-11D3-BF4B-00C04F79EFBC}") = "AskThat.Infrastructure", "src\AskThat.Infrastructure\AskThat.Infrastructure.csproj", "{45F437F7-C5F4-4CAB-BDCD-BB3343A58C64}"
EndProject
Project("{FAE04EC0-301F-11D3-BF4B-00C04F79EFBC}") = "AskThat.Web", "src\AskThat.Web\AskThat.Web.csproj", "{ABA560FB-8589-4E2A-8B76-5B642B263CF6}"
EndProject
Global
	GlobalSection(SolutionConfigurationPlatforms) = preSolution
		Debug|Any CPU = Debug|Any CPU
		Debug|x64 = Debug|x64
		Debug|x86 = Debug|x86
		Release|Any CPU = Release|Any CPU
		Release|x64 = Release|x64
		Release|x86 = Release|x86
	EndGlobalSection
	GlobalSection(ProjectConfigurationPlatforms) = postSolution
		{30CF1540-E467-41A8-88B4-A012156F0DA2}.Debug|Any CPU.ActiveCfg = Debug|Any CPU
		{30CF1540-E467-41A8-88B4-A012156F0DA2}.Debug|Any CPU.Build.0 = Debug|Any CPU
		{30CF1540-E467-41A8-88B4-A012156F0DA2}.Debug|x64.ActiveCfg = Debug|Any CPU
		{30CF1540-E467-41A8-88B4-A012156F0DA2}.Debug|x64.Build.0 = Debug|Any CPU
		{30CF1540-E467-41A8-88B4-A012156F0DA2}.Debug|x86.ActiveCfg = Debug|Any CPU
		{30CF1540-E467-41A8-88B4-A012156F0DA2}.Debug|x86.Build.0 = Debug|Any CPU
		{30CF1540-E467-41A8-88B4-A012156F0DA2}.Release|Any CPU.ActiveCfg = Release|Any CPU
		{30CF1540-E467-41A8-88B4-A012156F0DA2}.Release|Any CPU.Build.0 = Release|Any CPU
		{30CF1540-E467-41A8-88B4-A012156F0DA2}.Release|x64.ActiveCfg = Release|Any CPU
		{30CF1540-E467-41A8-88B4-A012156F0DA2}.Release|x64.Build.0 = Release|Any CPU
		{30CF1540-E467-41A8-88B4-A012156F0DA2}.Release|x86.ActiveCfg = Release|Any CPU
		{30CF1540-E467-41A8-88B4-A012156F0DA2}.Release|x86.Build.0 = Release|Any CPU
		{067A0DFE-9FC4-43FB-9D86-795588EDE06D}.Debug|Any CPU.ActiveCfg = Debug|Any CPU
		{067A0DFE-9FC4-43FB-9D86-795588EDE06D}.Debug|Any CPU.Build.0 = Debug|Any CPU
		{067A0DFE-9FC4-43FB-9D86-795588EDE06D}.Debug|x64.ActiveCfg = Debug|Any CPU
		{067A0DFE-9FC4-43FB-9D86-795588EDE06D}.Debug|x64.Build.0 = Debug|Any CPU
		{067A0DFE-9FC4-43FB-9D86-795588EDE06D}.Debug|x86.ActiveCfg = Debug|Any CPU
		{067A0DFE-9FC4-43FB-9D86-795588EDE06D}.Debug|x86.Build.0 = Debug|Any CPU
		{067A0DFE-9FC4-43FB-9D86-795588EDE06D}.Release|Any CPU.ActiveCfg = Release|Any CPU
		{067A0DFE-9FC4-43FB-9D86-795588EDE06D}.Release|Any CPU.Build.0 = Release|Any CPU
		{067A0DFE-9FC4-43FB-9D86-795588EDE06D}.Release|x64.ActiveCfg = Release|Any CPU
		{067A0DFE-9FC4-43FB-9D86-795588EDE06D}.Release|x64.Build.0 = Release|Any CPU
		{067A0DFE-9FC4-43FB-9D86-795588EDE06D}.Release|x86.ActiveCfg = Release|Any CPU
		{067A0DFE-9FC4-43FB-9D86-795588EDE06D}.Release|x86.Build.0 = Release|Any CPU
		{45F437F7-C5F4-4CAB-BDCD-BB3343A58C64}.Debug|Any CPU.ActiveCfg = Debug|Any CPU
		{45F437F7-C5F4-4CAB-BDCD-BB3343A58C64}.Debug|Any CPU.Build.0 = Debug|Any CPU
		{45F437F7-C5F4-4CAB-BDCD-BB3343A58C64}.Debug|x64.ActiveCfg = Debug|Any CPU
		{45F437F7-C5F4-4CAB-BDCD-BB3343A58C64}.Debug|x64.Build.0 = Debug|Any CPU
		{45F437F7-C5F4-4CAB-BDCD-BB3343A58C64}.Debug|x86.ActiveCfg = Debug|Any CPU
		{45F437F7-C5F4-4CAB-BDCD-BB3343A58C64}.Debug|x86.Build.0 = Debug|Any CPU
		{45F437F7-C5F4-4CAB-BDCD-BB3343A58C64}.Release|Any CPU.ActiveCfg = Release|Any CPU
		{45F437F7-C5F4-4CAB-BDCD-BB3343A58C64}.Release|Any CPU.Build.0 = Release|Any CPU
		{45F437F7-C5F4-4CAB-BDCD-BB3343A58C64}.Release|x64.ActiveCfg = Release|Any CPU
		{45F437F7-C5F4-4CAB-BDCD-BB3343A58C64}.Release|x64.Build.0 = Release|Any CPU
		{45F437F7-C5F4-4CAB-BDCD-BB3343A58C64}.Release|x86.ActiveCfg = Release|Any CPU
		{45F437F7-C5F4-4CAB-BDCD-BB3343A58C64}.Release|x86.Build.0 = Release|Any CPU
		{ABA560FB-8589-4E2A-8B76-5B642B263CF6}.Debug|Any CPU.ActiveCfg = Debug|Any CPU
		{ABA560FB-8589-4E2A-8B76-5B642B263CF6}.Debug|Any CPU.Build.0 = Debug|Any CPU
		{ABA560FB-8589-4E2A-8B76-5B642B263CF6}.Debug|x64.ActiveCfg = Debug|Any CPU
		{ABA560FB-8589-4E2A-8B76-5B642B263CF6}.Debug|x64.Build.0 = Debug|Any CPU
		{ABA560FB-8589-4E2A-8B76-5B642B263CF6}.Debug|x86.ActiveCfg = Debug|Any CPU
		{ABA560FB-8589-4E2A-8B76-5B642B263CF6}.Debug|x86.Build.0 = Debug|Any CPU
		{ABA560FB-8589-4E2A-8B76-5B642B263CF6}.Release|Any CPU.ActiveCfg = Release|Any CPU
		{ABA560FB-8589-4E2A-8B76-5B642B263CF6}.Release|Any CPU.Build.0 = Release|Any CPU
		{ABA560FB-8589-4E2A-8B76-5B642B263CF6}.Release|x64.ActiveCfg = Release|Any CPU
		{ABA560FB-8589-4E2A-8B76-5B642B263CF6}.Release|x64.Build.0 = Release|Any CPU
		{ABA560FB-8589-4E2A-8B76-5B642B263CF6}.Release|x86.ActiveCfg = Release|Any CPU
		{ABA560FB-8589-4E2A-8B76-5B642B263CF6}.Release|x86.Build.0 = Release|Any CPU
	EndGlobalSection
	GlobalSection(SolutionProperties) = preSolution
		HideSolutionNode = FALSE
	EndGlobalSection
	GlobalSection(NestedProjects) = preSolution
		{30CF1540-E467-41A8-88B4-A012156F0DA2} = {827E0CD3-B72D-47B6-A68D-7590B98EB39B}
		{067A0DFE-9FC4-43FB-9D86-795588EDE06D} = {827E0CD3-B72D-47B6-A68D-7590B98EB39B}
		{45F437F7-C5F4-4CAB-BDCD-BB3343A58C64} = {827E0CD3-B72D-47B6-A68D-7590B98EB39B}
		{ABA560FB-8589-4E2A-8B76-5B642B263CF6} = {827E0CD3-B72D-47B6-A68D-7590B98EB39B}
	EndGlobalSection
EndGlobal
